
Microsoft Visual Studio Solution File, Format Version 12.00
# Visual Studio Version 17
VisualStudioVersion = 17.0.31919.166
MinimumVisualStudioVersion = 10.0.40219.1
Project("{2150E333-8FDC-42A3-9474-1A3956D46DE8}") = "Data", "Data", "{3E774767-9C20-4365-BE0D-B04BB59AA93E}"
EndProject
Project("{9A19103F-16F7-4668-BE54-9A1E7A4F7556}") = "FileManagementAPI.Tests", "FileManagementAPI.Tests\FileManagementAPI.Tests.csproj", "{211817B9-DC00-4DD6-90FD-AE23BDE18138}"
EndProject
Project("{9A19103F-16F7-4668-BE54-9A1E7A4F7556}") = "FileManagementAPI.Services", "FileManagementAPI.Services\FileManagementAPI.Services.csproj", "{60AF4156-1092-4D52-AFB1-CF7E7C0BD3B1}"
EndProject
Project("{9A19103F-16F7-4668-BE54-9A1E7A4F7556}") = "FileManagementAPI.Database", "FileManagementAPI.Database\FileManagementAPI.Database.csproj", "{802E226C-FB39-4405-8E06-4D1835ECF5BE}"
EndProject
Project("{9A19103F-16F7-4668-BE54-9A1E7A4F7556}") = "FileManagementAPI.API", "FileManagementAPI.API\FileManagementAPI.API.csproj", "{201F9CA9-18D3-449A-95A1-ABE4B18A2A96}"
EndProject
Global
	GlobalSection(SolutionConfigurationPlatforms) = preSolution
		Debug|Any CPU = Debug|Any CPU
		Release|Any CPU = Release|Any CPU
	EndGlobalSection
	GlobalSection(ProjectConfigurationPlatforms) = postSolution
		{211817B9-DC00-4DD6-90FD-AE23BDE18138}.Debug|Any CPU.ActiveCfg = Debug|Any CPU
		{211817B9-DC00-4DD6-90FD-AE23BDE18138}.Debug|Any CPU.Build.0 = Debug|Any CPU
		{211817B9-DC00-4DD6-90FD-AE23BDE18138}.Release|Any CPU.ActiveCfg = Release|Any CPU
		{211817B9-DC00-4DD6-90FD-AE23BDE18138}.Release|Any CPU.Build.0 = Release|Any CPU
		{60AF4156-1092-4D52-AFB1-CF7E7C0BD3B1}.Debug|Any CPU.ActiveCfg = Debug|Any CPU
		{60AF4156-1092-4D52-AFB1-CF7E7C0BD3B1}.Debug|Any CPU.Build.0 = Debug|Any CPU
		{60AF4156-1092-4D52-AFB1-CF7E7C0BD3B1}.Release|Any CPU.ActiveCfg = Release|Any CPU
		{60AF4156-1092-4D52-AFB1-CF7E7C0BD3B1}.Release|Any CPU.Build.0 = Release|Any CPU
		{802E226C-FB39-4405-8E06-4D1835ECF5BE}.Debug|Any CPU.ActiveCfg = Debug|Any CPU
		{802E226C-FB39-4405-8E06-4D1835ECF5BE}.Debug|Any CPU.Build.0 = Debug|Any CPU
		{802E226C-FB39-4405-8E06-4D1835ECF5BE}.Release|Any CPU.ActiveCfg = Release|Any CPU
		{802E226C-FB39-4405-8E06-4D1835ECF5BE}.Release|Any CPU.Build.0 = Release|Any CPU
		{201F9CA9-18D3-449A-95A1-ABE4B18A2A96}.Debug|Any CPU.ActiveCfg = Debug|Any CPU
		{201F9CA9-18D3-449A-95A1-ABE4B18A2A96}.Debug|Any CPU.Build.0 = Debug|Any CPU
		{201F9CA9-18D3-449A-95A1-ABE4B18A2A96}.Release|Any CPU.ActiveCfg = Release|Any CPU
		{201F9CA9-18D3-449A-95A1-ABE4B18A2A96}.Release|Any CPU.Build.0 = Release|Any CPU
	EndGlobalSection
	GlobalSection(SolutionProperties) = preSolution
		HideSolutionNode = FALSE
	EndGlobalSection
	GlobalSection(ExtensibilityGlobals) = postSolution
		SolutionGuid = {E95F535E-8F87-4EC6-8DE9-DF64242007ED}
	EndGlobalSection
EndGlobal
